<?xml version="1.0" encoding="utf-8"?>
<Project ToolsVersion="4.0" xmlns="http://schemas.microsoft.com/developer/msbuild/2003">
  <ItemGroup>
    <Filter Include="소스 파일">
      <UniqueIdentifier>{4FC737F1-C7A5-4376-A066-2A32D752A2FF}</UniqueIdentifier>
      <Extensions>cpp;c;cc;cxx;def;odl;idl;hpj;bat;asm;asmx</Extensions>
    </Filter>
    <Filter Include="헤더 파일">
      <UniqueIdentifier>{93995380-89BD-4b04-88EB-625FBE52EBFB}</UniqueIdentifier>
      <Extensions>h;hh;hpp;hxx;hm;inl;inc;xsd</Extensions>
    </Filter>
    <Filter Include="리소스 파일">
      <UniqueIdentifier>{67DA6AB6-F800-4c08-8B7A-83BB121AAD01}</UniqueIdentifier>
      <Extensions>rc;ico;cur;bmp;dlg;rc2;rct;bin;rgs;gif;jpg;jpeg;jpe;resx;tiff;tif;png;wav;mfcribbon-ms</Extensions>
    </Filter>
    <Filter Include="헤더 파일\football_h">
      <UniqueIdentifier>{a70d394b-4b67-4ded-bf8b-57d0510b6f8a}</UniqueIdentifier>
    </Filter>
    <Filter Include="소스 파일\football">
      <UniqueIdentifier>{69ef28dc-cc0a-427d-92b7-e21f7936e7b6}</UniqueIdentifier>
    </Filter>
    <Filter Include="소스 파일\snakegame">
      <UniqueIdentifier>{25950a97-cce7-4999-91e2-e7db4e2b47c9}</UniqueIdentifier>
    </Filter>
    <Filter Include="헤더 파일\snakegame_h">
      <UniqueIdentifier>{7007503d-d62f-49ed-9e78-4fa4c117d94d}</UniqueIdentifier>
    </Filter>
  </ItemGroup>
  <ItemGroup>
    <ClCompile Include="End.cpp">
      <Filter>소스 파일\snakegame</Filter>
    </ClCompile>
    <ClCompile Include="food.cpp">
      <Filter>소스 파일\snakegame</Filter>
    </ClCompile>
    <ClCompile Include="GameScene.cpp">
      <Filter>소스 파일\snakegame</Filter>
    </ClCompile>
    <ClCompile Include="Input.cpp">
      <Filter>소스 파일\snakegame</Filter>
    </ClCompile>
    <ClCompile Include="Intro.cpp">
      <Filter>소스 파일\snakegame</Filter>
    </ClCompile>
    <ClCompile Include="Main_1.cpp">
      <Filter>소스 파일\snakegame</Filter>
    </ClCompile>
    <ClCompile Include="map.cpp">
      <Filter>소스 파일\snakegame</Filter>
    </ClCompile>
    <ClCompile Include="Object.cpp">
      <Filter>소스 파일\snakegame</Filter>
    </ClCompile>
    <ClCompile Include="s_main.cpp">
      <Filter>소스 파일\snakegame</Filter>
    </ClCompile>
    <ClCompile Include="Snake.cpp">
      <Filter>소스 파일\snakegame</Filter>
    </ClCompile>
    <ClCompile Include="SnakeGame.cpp">
      <Filter>소스 파일\snakegame</Filter>
    </ClCompile>
    <ClCompile Include="Wall.cpp">
      <Filter>소스 파일\snakegame</Filter>
    </ClCompile>
    <ClCompile Include="main.cpp">
      <Filter>소스 파일\football</Filter>
    </ClCompile>
    <ClCompile Include="football.cpp">
      <Filter>소스 파일\football</Filter>
    </ClCompile>
    <ClCompile Include="GameStart.cpp">
      <Filter>소스 파일</Filter>
    </ClCompile>
    <ClCompile Include="screen.cpp">
      <Filter>소스 파일\football</Filter>
    </ClCompile>
    <ClCompile Include="function.cpp">
      <Filter>소스 파일\football</Filter>
    </ClCompile>
  </ItemGroup>
  <ItemGroup>
    <ClInclude Include="End.h">
      <Filter>헤더 파일\snakegame_h</Filter>
    </ClInclude>
    <ClInclude Include="food.h">
      <Filter>헤더 파일\snakegame_h</Filter>
    </ClInclude>
    <ClInclude Include="gameScene.h">
      <Filter>헤더 파일\snakegame_h</Filter>
    </ClInclude>
    <ClInclude Include="gotoxy.h">
      <Filter>헤더 파일\snakegame_h</Filter>
    </ClInclude>
    <ClInclude Include="Input.h">
      <Filter>헤더 파일\snakegame_h</Filter>
    </ClInclude>
    <ClInclude Include="Intro.h">
      <Filter>헤더 파일\snakegame_h</Filter>
    </ClInclude>
    <ClInclude Include="Object.h">
      <Filter>헤더 파일\snakegame_h</Filter>
    </ClInclude>
    <ClInclude Include="Main_1.h">
      <Filter>헤더 파일\snakegame_h</Filter>
    </ClInclude>
    <ClInclude Include="map.h">
      <Filter>헤더 파일\snakegame_h</Filter>
    </ClInclude>
    <ClInclude Include="resource.h">
      <Filter>헤더 파일\snakegame_h</Filter>
    </ClInclude>
    <ClInclude Include="Snake.h">
      <Filter>헤더 파일\snakegame_h</Filter>
    </ClInclude>
    <ClInclude Include="snakeGame.h">
      <Filter>헤더 파일\snakegame_h</Filter>
    </ClInclude>
    <ClInclude Include="Wall.h">
      <Filter>헤더 파일\snakegame_h</Filter>
    </ClInclude>
    <ClInclude Include="football.h">
      <Filter>헤더 파일\football_h</Filter>
    </ClInclude>
    <ClInclude Include="screen.h">
      <Filter>헤더 파일\football_h</Filter>
    </ClInclude>
    <ClInclude Include="function.h">
      <Filter>헤더 파일\football_h</Filter>
    </ClInclude>
  </ItemGroup>
</Project>