<?xml version="1.0" encoding="utf-8"?>
<Project ToolsVersion="4.0" xmlns="http://schemas.microsoft.com/developer/msbuild/2003">
  <ItemGroup>
    <Filter Include="소스 파일">
      <UniqueIdentifier>{4FC737F1-C7A5-4376-A066-2A32D752A2FF}</UniqueIdentifier>
      <Extensions>cpp;c;cc;cxx;def;odl;idl;hpj;bat;asm;asmx</Extensions>
    </Filter>
    <Filter Include="헤더 파일">
      <UniqueIdentifier>{93995380-89BD-4b04-88EB-625FBE52EBFB}</UniqueIdentifier>
      <Extensions>h;hh;hpp;hxx;hm;inl;inc;xsd</Extensions>
    </Filter>
    <Filter Include="리소스 파일">
      <UniqueIdentifier>{67DA6AB6-F800-4c08-8B7A-83BB121AAD01}</UniqueIdentifier>
      <Extensions>rc;ico;cur;bmp;dlg;rc2;rct;bin;rgs;gif;jpg;jpeg;jpe;resx;tiff;tif;png;wav;mfcribbon-ms</Extensions>
    </Filter>
    <Filter Include="헤더 파일\Scene&amp;Game">
      <UniqueIdentifier>{00e76922-ee20-4729-98b1-b875f6b739f5}</UniqueIdentifier>
    </Filter>
    <Filter Include="소스 파일\Scene&amp;Game">
      <UniqueIdentifier>{92269849-47e6-4ba5-99cd-0bffd4a90e72}</UniqueIdentifier>
    </Filter>
    <Filter Include="헤더 파일\Objects">
      <UniqueIdentifier>{79e5690b-1b64-47e9-b426-f579bd2db678}</UniqueIdentifier>
    </Filter>
    <Filter Include="소스 파일\Objects">
      <UniqueIdentifier>{f924aba3-da80-4519-b68e-1607dd1a913e}</UniqueIdentifier>
    </Filter>
    <Filter Include="헤더 파일\Etc">
      <UniqueIdentifier>{1564cfc1-272a-463d-9d9e-c4ff9599053a}</UniqueIdentifier>
    </Filter>
    <Filter Include="소스 파일\Etc">
      <UniqueIdentifier>{ece32222-e205-43bc-bf8e-feda6cf430a1}</UniqueIdentifier>
    </Filter>
  </ItemGroup>
  <ItemGroup>
    <ClCompile Include="main.cpp">
      <Filter>소스 파일</Filter>
    </ClCompile>
    <ClCompile Include="Object.cpp">
      <Filter>소스 파일\Objects</Filter>
    </ClCompile>
    <ClCompile Include="Wall.cpp">
      <Filter>소스 파일\Objects</Filter>
    </ClCompile>
    <ClCompile Include="Snake.cpp">
      <Filter>소스 파일\Objects</Filter>
    </ClCompile>
    <ClCompile Include="SnakeGame.cpp">
      <Filter>소스 파일\Scene&amp;Game</Filter>
    </ClCompile>
    <ClCompile Include="Input.cpp">
      <Filter>소스 파일\Etc</Filter>
    </ClCompile>
    <ClCompile Include="GameScene.cpp">
      <Filter>소스 파일\Scene&amp;Game</Filter>
    </ClCompile>
    <ClCompile Include="End.cpp">
      <Filter>소스 파일\Scene&amp;Game</Filter>
    </ClCompile>
    <ClCompile Include="Main_1.cpp">
      <Filter>소스 파일\Scene&amp;Game</Filter>
    </ClCompile>
    <ClCompile Include="food.cpp">
      <Filter>소스 파일\Objects</Filter>
    </ClCompile>
    <ClCompile Include="map.cpp">
      <Filter>소스 파일\Etc</Filter>
    </ClCompile>
    <ClCompile Include="Intro.cpp">
      <Filter>소스 파일\Scene&amp;Game</Filter>
    </ClCompile>
  </ItemGroup>
  <ItemGroup>
    <ClInclude Include="gameScene.h">
      <Filter>헤더 파일\Scene&amp;Game</Filter>
    </ClInclude>
    <ClInclude Include="snakeGame.h">
      <Filter>헤더 파일\Scene&amp;Game</Filter>
    </ClInclude>
    <ClInclude Include="Object.h">
      <Filter>헤더 파일\Objects</Filter>
    </ClInclude>
    <ClInclude Include="Snake.h">
      <Filter>헤더 파일\Objects</Filter>
    </ClInclude>
    <ClInclude Include="Wall.h">
      <Filter>헤더 파일\Objects</Filter>
    </ClInclude>
    <ClInclude Include="Input.h">
      <Filter>헤더 파일\Etc</Filter>
    </ClInclude>
    <ClInclude Include="gotoxy.h">
      <Filter>헤더 파일\Etc</Filter>
    </ClInclude>
    <ClInclude Include="resource.h">
      <Filter>헤더 파일</Filter>
    </ClInclude>
    <ClInclude Include="End.h">
      <Filter>헤더 파일\Scene&amp;Game</Filter>
    </ClInclude>
    <ClInclude Include="Main_1.h">
      <Filter>헤더 파일\Scene&amp;Game</Filter>
    </ClInclude>
    <ClInclude Include="food.h">
      <Filter>헤더 파일\Objects</Filter>
    </ClInclude>
    <ClInclude Include="map.h">
      <Filter>헤더 파일\Etc</Filter>
    </ClInclude>
    <ClInclude Include="Intro.h">
      <Filter>헤더 파일\Scene&amp;Game</Filter>
    </ClInclude>
  </ItemGroup>
</Project>